
Microsoft Visual Studio Solution File, Format Version 12.00
# Visual Studio Version 17
VisualStudioVersion = 17.0.31919.166
MinimumVisualStudioVersion = 10.0.40219.1
Project("{2150E333-8FDC-42A3-9474-1A3956D46DE8}") = "Application", "Application", "{FB82672D-E3C1-4E1D-8F35-8714C5EC7D87}"
EndProject
Project("{2150E333-8FDC-42A3-9474-1A3956D46DE8}") = "Domain", "Domain", "{9E527666-FA5F-49C3-96F3-43EEA6BC04C0}"
EndProject
Project("{9A19103F-16F7-4668-BE54-9A1E7A4F7556}") = "Shopping.Core", "Domain\Shopping.Core\Shopping.Core.csproj", "{EC708FC6-BEB8-42FD-9BC9-A741D5D19741}"
EndProject
Project("{2150E333-8FDC-42A3-9474-1A3956D46DE8}") = "Infrastructure", "Infrastructure", "{F4FB7D29-623D-4C8B-95FA-C2BEE59E7D7E}"
EndProject
Project("{9A19103F-16F7-4668-BE54-9A1E7A4F7556}") = "Shopping.Infrastructure", "Infrastructure\Shopping.Infrastructure\Shopping.Infrastructure.csproj", "{6F72BCB1-EA1E-4E64-8DFA-348E3CE2A64C}"
EndProject
Project("{2150E333-8FDC-42A3-9474-1A3956D46DE8}") = "Presentation", "Presentation", "{035AFD5F-235F-46CC-99F1-7072D7007A53}"
EndProject
Project("{2150E333-8FDC-42A3-9474-1A3956D46DE8}") = "Microservices", "Microservices", "{C0F26900-60DF-4F4D-B453-3EB81EE17D8C}"
EndProject
Project("{FAE04EC0-301F-11D3-BF4B-00C04F79EFBC}") = "Shopping.Cart", "Microservices\Shopping.Cart\Shopping.Cart\Shopping.Cart.csproj", "{C73EAE6B-5DC5-4798-9DA1-3DC3AACE5997}"
EndProject
Project("{FAE04EC0-301F-11D3-BF4B-00C04F79EFBC}") = "Shopping.ProductCatalog", "Microservices\Shopping.Cart\Shopping.ProductCatalog\Shopping.ProductCatalog\Shopping.ProductCatalog.csproj", "{F243C428-F9B9-4BB4-89A9-73DF625928C5}"
EndProject
Project("{FAE04EC0-301F-11D3-BF4B-00C04F79EFBC}") = "Shopping.Tracing", "Microservices\Shopping.Cart\Shopping.Tracing\Shopping.Tracing\Shopping.Tracing.csproj", "{0F1D2EED-CD9A-4036-AF0F-87887B1EB48D}"
EndProject
Global
	GlobalSection(SolutionConfigurationPlatforms) = preSolution
		Debug|Any CPU = Debug|Any CPU
		Release|Any CPU = Release|Any CPU
	EndGlobalSection
	GlobalSection(ProjectConfigurationPlatforms) = postSolution
		{EC708FC6-BEB8-42FD-9BC9-A741D5D19741}.Debug|Any CPU.ActiveCfg = Debug|Any CPU
		{EC708FC6-BEB8-42FD-9BC9-A741D5D19741}.Debug|Any CPU.Build.0 = Debug|Any CPU
		{EC708FC6-BEB8-42FD-9BC9-A741D5D19741}.Release|Any CPU.ActiveCfg = Release|Any CPU
		{EC708FC6-BEB8-42FD-9BC9-A741D5D19741}.Release|Any CPU.Build.0 = Release|Any CPU
		{6F72BCB1-EA1E-4E64-8DFA-348E3CE2A64C}.Debug|Any CPU.ActiveCfg = Debug|Any CPU
		{6F72BCB1-EA1E-4E64-8DFA-348E3CE2A64C}.Debug|Any CPU.Build.0 = Debug|Any CPU
		{6F72BCB1-EA1E-4E64-8DFA-348E3CE2A64C}.Release|Any CPU.ActiveCfg = Release|Any CPU
		{6F72BCB1-EA1E-4E64-8DFA-348E3CE2A64C}.Release|Any CPU.Build.0 = Release|Any CPU
		{C73EAE6B-5DC5-4798-9DA1-3DC3AACE5997}.Debug|Any CPU.ActiveCfg = Debug|Any CPU
		{C73EAE6B-5DC5-4798-9DA1-3DC3AACE5997}.Debug|Any CPU.Build.0 = Debug|Any CPU
		{C73EAE6B-5DC5-4798-9DA1-3DC3AACE5997}.Release|Any CPU.ActiveCfg = Release|Any CPU
		{C73EAE6B-5DC5-4798-9DA1-3DC3AACE5997}.Release|Any CPU.Build.0 = Release|Any CPU
		{F243C428-F9B9-4BB4-89A9-73DF625928C5}.Debug|Any CPU.ActiveCfg = Debug|Any CPU
		{F243C428-F9B9-4BB4-89A9-73DF625928C5}.Debug|Any CPU.Build.0 = Debug|Any CPU
		{F243C428-F9B9-4BB4-89A9-73DF625928C5}.Release|Any CPU.ActiveCfg = Release|Any CPU
		{F243C428-F9B9-4BB4-89A9-73DF625928C5}.Release|Any CPU.Build.0 = Release|Any CPU
		{0F1D2EED-CD9A-4036-AF0F-87887B1EB48D}.Debug|Any CPU.ActiveCfg = Debug|Any CPU
		{0F1D2EED-CD9A-4036-AF0F-87887B1EB48D}.Debug|Any CPU.Build.0 = Debug|Any CPU
		{0F1D2EED-CD9A-4036-AF0F-87887B1EB48D}.Release|Any CPU.ActiveCfg = Release|Any CPU
		{0F1D2EED-CD9A-4036-AF0F-87887B1EB48D}.Release|Any CPU.Build.0 = Release|Any CPU
	EndGlobalSection
	GlobalSection(SolutionProperties) = preSolution
		HideSolutionNode = FALSE
	EndGlobalSection
	GlobalSection(NestedProjects) = preSolution
		{EC708FC6-BEB8-42FD-9BC9-A741D5D19741} = {9E527666-FA5F-49C3-96F3-43EEA6BC04C0}
		{6F72BCB1-EA1E-4E64-8DFA-348E3CE2A64C} = {F4FB7D29-623D-4C8B-95FA-C2BEE59E7D7E}
		{C73EAE6B-5DC5-4798-9DA1-3DC3AACE5997} = {C0F26900-60DF-4F4D-B453-3EB81EE17D8C}
		{F243C428-F9B9-4BB4-89A9-73DF625928C5} = {C0F26900-60DF-4F4D-B453-3EB81EE17D8C}
		{0F1D2EED-CD9A-4036-AF0F-87887B1EB48D} = {C0F26900-60DF-4F4D-B453-3EB81EE17D8C}
	EndGlobalSection
	GlobalSection(ExtensibilityGlobals) = postSolution
		SolutionGuid = {3655A7A0-C150-44EB-B57E-A1684F598D4D}
	EndGlobalSection
EndGlobal
