
Microsoft Visual Studio Solution File, Format Version 12.00
# Visual Studio Version 17
VisualStudioVersion = 17.0.31919.166
MinimumVisualStudioVersion = 10.0.40219.1
Project("{2150E333-8FDC-42A3-9474-1A3956D46DE8}") = "Application", "Application", "{FB82672D-E3C1-4E1D-8F35-8714C5EC7D87}"
EndProject
Project("{9A19103F-16F7-4668-BE54-9A1E7A4F7556}") = "Shopping.ProductCatalog", "Application\Shopping.ProductCatalog\Shopping.ProductCatalog.csproj", "{AF47315E-0E3F-40D0-BD07-8C7DFD81CDFD}"
EndProject
Project("{9A19103F-16F7-4668-BE54-9A1E7A4F7556}") = "Shopping.Cart", "Application\Shopping.Cart\Shopping.Cart.csproj", "{FAE92615-E70F-48B2-BB7F-A95CE705BA06}"
EndProject
Project("{9A19103F-16F7-4668-BE54-9A1E7A4F7556}") = "Shopping.Tracing", "Application\Shopping.Tracing\Shopping.Tracing.csproj", "{A9FD03F3-9B69-47CF-ADA5-B7FB346DCA11}"
EndProject
Project("{2150E333-8FDC-42A3-9474-1A3956D46DE8}") = "Domain", "Domain", "{9E527666-FA5F-49C3-96F3-43EEA6BC04C0}"
EndProject
Project("{9A19103F-16F7-4668-BE54-9A1E7A4F7556}") = "Shopping.Core", "Domain\Shopping.Core\Shopping.Core.csproj", "{EC708FC6-BEB8-42FD-9BC9-A741D5D19741}"
EndProject
Project("{2150E333-8FDC-42A3-9474-1A3956D46DE8}") = "Infrastructure", "Infrastructure", "{F4FB7D29-623D-4C8B-95FA-C2BEE59E7D7E}"
EndProject
Project("{9A19103F-16F7-4668-BE54-9A1E7A4F7556}") = "Shopping.Infrastructure", "Infrastructure\Shopping.Infrastructure\Shopping.Infrastructure.csproj", "{6F72BCB1-EA1E-4E64-8DFA-348E3CE2A64C}"
EndProject
Project("{2150E333-8FDC-42A3-9474-1A3956D46DE8}") = "Presentation", "Presentation", "{035AFD5F-235F-46CC-99F1-7072D7007A53}"
EndProject
Global
	GlobalSection(SolutionConfigurationPlatforms) = preSolution
		Debug|Any CPU = Debug|Any CPU
		Release|Any CPU = Release|Any CPU
	EndGlobalSection
	GlobalSection(ProjectConfigurationPlatforms) = postSolution
		{AF47315E-0E3F-40D0-BD07-8C7DFD81CDFD}.Debug|Any CPU.ActiveCfg = Debug|Any CPU
		{AF47315E-0E3F-40D0-BD07-8C7DFD81CDFD}.Debug|Any CPU.Build.0 = Debug|Any CPU
		{AF47315E-0E3F-40D0-BD07-8C7DFD81CDFD}.Release|Any CPU.ActiveCfg = Release|Any CPU
		{AF47315E-0E3F-40D0-BD07-8C7DFD81CDFD}.Release|Any CPU.Build.0 = Release|Any CPU
		{FAE92615-E70F-48B2-BB7F-A95CE705BA06}.Debug|Any CPU.ActiveCfg = Debug|Any CPU
		{FAE92615-E70F-48B2-BB7F-A95CE705BA06}.Debug|Any CPU.Build.0 = Debug|Any CPU
		{FAE92615-E70F-48B2-BB7F-A95CE705BA06}.Release|Any CPU.ActiveCfg = Release|Any CPU
		{FAE92615-E70F-48B2-BB7F-A95CE705BA06}.Release|Any CPU.Build.0 = Release|Any CPU
		{A9FD03F3-9B69-47CF-ADA5-B7FB346DCA11}.Debug|Any CPU.ActiveCfg = Debug|Any CPU
		{A9FD03F3-9B69-47CF-ADA5-B7FB346DCA11}.Debug|Any CPU.Build.0 = Debug|Any CPU
		{A9FD03F3-9B69-47CF-ADA5-B7FB346DCA11}.Release|Any CPU.ActiveCfg = Release|Any CPU
		{A9FD03F3-9B69-47CF-ADA5-B7FB346DCA11}.Release|Any CPU.Build.0 = Release|Any CPU
		{EC708FC6-BEB8-42FD-9BC9-A741D5D19741}.Debug|Any CPU.ActiveCfg = Debug|Any CPU
		{EC708FC6-BEB8-42FD-9BC9-A741D5D19741}.Debug|Any CPU.Build.0 = Debug|Any CPU
		{EC708FC6-BEB8-42FD-9BC9-A741D5D19741}.Release|Any CPU.ActiveCfg = Release|Any CPU
		{EC708FC6-BEB8-42FD-9BC9-A741D5D19741}.Release|Any CPU.Build.0 = Release|Any CPU
		{6F72BCB1-EA1E-4E64-8DFA-348E3CE2A64C}.Debug|Any CPU.ActiveCfg = Debug|Any CPU
		{6F72BCB1-EA1E-4E64-8DFA-348E3CE2A64C}.Debug|Any CPU.Build.0 = Debug|Any CPU
		{6F72BCB1-EA1E-4E64-8DFA-348E3CE2A64C}.Release|Any CPU.ActiveCfg = Release|Any CPU
		{6F72BCB1-EA1E-4E64-8DFA-348E3CE2A64C}.Release|Any CPU.Build.0 = Release|Any CPU
	EndGlobalSection
	GlobalSection(SolutionProperties) = preSolution
		HideSolutionNode = FALSE
	EndGlobalSection
	GlobalSection(NestedProjects) = preSolution
		{AF47315E-0E3F-40D0-BD07-8C7DFD81CDFD} = {FB82672D-E3C1-4E1D-8F35-8714C5EC7D87}
		{FAE92615-E70F-48B2-BB7F-A95CE705BA06} = {FB82672D-E3C1-4E1D-8F35-8714C5EC7D87}
		{A9FD03F3-9B69-47CF-ADA5-B7FB346DCA11} = {FB82672D-E3C1-4E1D-8F35-8714C5EC7D87}
		{EC708FC6-BEB8-42FD-9BC9-A741D5D19741} = {9E527666-FA5F-49C3-96F3-43EEA6BC04C0}
		{6F72BCB1-EA1E-4E64-8DFA-348E3CE2A64C} = {F4FB7D29-623D-4C8B-95FA-C2BEE59E7D7E}
	EndGlobalSection
	GlobalSection(ExtensibilityGlobals) = postSolution
		SolutionGuid = {3655A7A0-C150-44EB-B57E-A1684F598D4D}
	EndGlobalSection
EndGlobal
